
Microsoft Visual Studio Solution File, Format Version 12.00
# Visual Studio Version 17
VisualStudioVersion = 17.3.32804.467
MinimumVisualStudioVersion = 10.0.40219.1
Project("{FAE04EC0-301F-11D3-BF4B-00C04F79EFBC}") = "Aug18exer", "Aug18exer.csproj", "{1840DB65-969C-485A-ABED-6388E9075544}"
EndProject
Global
	GlobalSection(SolutionConfigurationPlatforms) = preSolution
		Debug|Any CPU = Debug|Any CPU
		Release|Any CPU = Release|Any CPU
	EndGlobalSection
	GlobalSection(ProjectConfigurationPlatforms) = postSolution
		{1840DB65-969C-485A-ABED-6388E9075544}.Debug|Any CPU.ActiveCfg = Debug|Any CPU
		{1840DB65-969C-485A-ABED-6388E9075544}.Debug|Any CPU.Build.0 = Debug|Any CPU
		{1840DB65-969C-485A-ABED-6388E9075544}.Release|Any CPU.ActiveCfg = Release|Any CPU
		{1840DB65-969C-485A-ABED-6388E9075544}.Release|Any CPU.Build.0 = Release|Any CPU
	EndGlobalSection
	GlobalSection(SolutionProperties) = preSolution
		HideSolutionNode = FALSE
	EndGlobalSection
	GlobalSection(ExtensibilityGlobals) = postSolution
		SolutionGuid = {88738437-60C3-4C9D-AB53-1849C6B97356}
	EndGlobalSection
EndGlobal
